
Microsoft Visual Studio Solution File, Format Version 12.00
# Visual Studio 15
VisualStudioVersion = 15.0.26730.16
MinimumVisualStudioVersion = 10.0.40219.1
Project("{FAE04EC0-301F-11D3-BF4B-00C04F79EFBC}") = "FiapEasyTicket.Android", "FiapEasyTicket\FiapEasyTicket.Android\FiapEasyTicket.Android.csproj", "{CCE670BA-EAC5-4B5E-85C5-3573A3267B31}"
EndProject
Project("{FAE04EC0-301F-11D3-BF4B-00C04F79EFBC}") = "FiapEasyTicket", "FiapEasyTicket\FiapEasyTicket\FiapEasyTicket.csproj", "{9BC38503-6D2A-4DBF-91F3-5C22B5C67A8E}"
EndProject
Project("{FAE04EC0-301F-11D3-BF4B-00C04F79EFBC}") = "FiapEasyTicket.iOS", "FiapEasyTicket\FiapEasyTicket.iOS\FiapEasyTicket.iOS.csproj", "{04C1FE3C-4A49-406D-9B27-7D4DBB17C2BB}"
EndProject
Global
	GlobalSection(SolutionConfigurationPlatforms) = preSolution
		Ad-Hoc|Any CPU = Ad-Hoc|Any CPU
		Ad-Hoc|ARM = Ad-Hoc|ARM
		Ad-Hoc|iPhone = Ad-Hoc|iPhone
		Ad-Hoc|iPhoneSimulator = Ad-Hoc|iPhoneSimulator
		Ad-Hoc|x64 = Ad-Hoc|x64
		Ad-Hoc|x86 = Ad-Hoc|x86
		AppStore|Any CPU = AppStore|Any CPU
		AppStore|ARM = AppStore|ARM
		AppStore|iPhone = AppStore|iPhone
		AppStore|iPhoneSimulator = AppStore|iPhoneSimulator
		AppStore|x64 = AppStore|x64
		AppStore|x86 = AppStore|x86
		Debug|Any CPU = Debug|Any CPU
		Debug|ARM = Debug|ARM
		Debug|iPhone = Debug|iPhone
		Debug|iPhoneSimulator = Debug|iPhoneSimulator
		Debug|x64 = Debug|x64
		Debug|x86 = Debug|x86
		Release|Any CPU = Release|Any CPU
		Release|ARM = Release|ARM
		Release|iPhone = Release|iPhone
		Release|iPhoneSimulator = Release|iPhoneSimulator
		Release|x64 = Release|x64
		Release|x86 = Release|x86
	EndGlobalSection
	GlobalSection(ProjectConfigurationPlatforms) = postSolution
		{CCE670BA-EAC5-4B5E-85C5-3573A3267B31}.Ad-Hoc|Any CPU.ActiveCfg = Release|Any CPU
		{CCE670BA-EAC5-4B5E-85C5-3573A3267B31}.Ad-Hoc|Any CPU.Build.0 = Release|Any CPU
		{CCE670BA-EAC5-4B5E-85C5-3573A3267B31}.Ad-Hoc|Any CPU.Deploy.0 = Release|Any CPU
		{CCE670BA-EAC5-4B5E-85C5-3573A3267B31}.Ad-Hoc|ARM.ActiveCfg = Release|Any CPU
		{CCE670BA-EAC5-4B5E-85C5-3573A3267B31}.Ad-Hoc|ARM.Build.0 = Release|Any CPU
		{CCE670BA-EAC5-4B5E-85C5-3573A3267B31}.Ad-Hoc|ARM.Deploy.0 = Release|Any CPU
		{CCE670BA-EAC5-4B5E-85C5-3573A3267B31}.Ad-Hoc|iPhone.ActiveCfg = Release|Any CPU
		{CCE670BA-EAC5-4B5E-85C5-3573A3267B31}.Ad-Hoc|iPhone.Build.0 = Release|Any CPU
		{CCE670BA-EAC5-4B5E-85C5-3573A3267B31}.Ad-Hoc|iPhone.Deploy.0 = Release|Any CPU
		{CCE670BA-EAC5-4B5E-85C5-3573A3267B31}.Ad-Hoc|iPhoneSimulator.ActiveCfg = Release|Any CPU
		{CCE670BA-EAC5-4B5E-85C5-3573A3267B31}.Ad-Hoc|iPhoneSimulator.Build.0 = Release|Any CPU
		{CCE670BA-EAC5-4B5E-85C5-3573A3267B31}.Ad-Hoc|iPhoneSimulator.Deploy.0 = Release|Any CPU
		{CCE670BA-EAC5-4B5E-85C5-3573A3267B31}.Ad-Hoc|x64.ActiveCfg = Release|Any CPU
		{CCE670BA-EAC5-4B5E-85C5-3573A3267B31}.Ad-Hoc|x64.Build.0 = Release|Any CPU
		{CCE670BA-EAC5-4B5E-85C5-3573A3267B31}.Ad-Hoc|x64.Deploy.0 = Release|Any CPU
		{CCE670BA-EAC5-4B5E-85C5-3573A3267B31}.Ad-Hoc|x86.ActiveCfg = Release|Any CPU
		{CCE670BA-EAC5-4B5E-85C5-3573A3267B31}.Ad-Hoc|x86.Build.0 = Release|Any CPU
		{CCE670BA-EAC5-4B5E-85C5-3573A3267B31}.Ad-Hoc|x86.Deploy.0 = Release|Any CPU
		{CCE670BA-EAC5-4B5E-85C5-3573A3267B31}.AppStore|Any CPU.ActiveCfg = Release|Any CPU
		{CCE670BA-EAC5-4B5E-85C5-3573A3267B31}.AppStore|Any CPU.Build.0 = Release|Any CPU
		{CCE670BA-EAC5-4B5E-85C5-3573A3267B31}.AppStore|Any CPU.Deploy.0 = Release|Any CPU
		{CCE670BA-EAC5-4B5E-85C5-3573A3267B31}.AppStore|ARM.ActiveCfg = Release|Any CPU
		{CCE670BA-EAC5-4B5E-85C5-3573A3267B31}.AppStore|ARM.Build.0 = Release|Any CPU
		{CCE670BA-EAC5-4B5E-85C5-3573A3267B31}.AppStore|ARM.Deploy.0 = Release|Any CPU
		{CCE670BA-EAC5-4B5E-85C5-3573A3267B31}.AppStore|iPhone.ActiveCfg = Release|Any CPU
		{CCE670BA-EAC5-4B5E-85C5-3573A3267B31}.AppStore|iPhone.Build.0 = Release|Any CPU
		{CCE670BA-EAC5-4B5E-85C5-3573A3267B31}.AppStore|iPhone.Deploy.0 = Release|Any CPU
		{CCE670BA-EAC5-4B5E-85C5-3573A3267B31}.AppStore|iPhoneSimulator.ActiveCfg = Release|Any CPU
		{CCE670BA-EAC5-4B5E-85C5-3573A3267B31}.AppStore|iPhoneSimulator.Build.0 = Release|Any CPU
		{CCE670BA-EAC5-4B5E-85C5-3573A3267B31}.AppStore|iPhoneSimulator.Deploy.0 = Release|Any CPU
		{CCE670BA-EAC5-4B5E-85C5-3573A3267B31}.AppStore|x64.ActiveCfg = Release|Any CPU
		{CCE670BA-EAC5-4B5E-85C5-3573A3267B31}.AppStore|x64.Build.0 = Release|Any CPU
		{CCE670BA-EAC5-4B5E-85C5-3573A3267B31}.AppStore|x64.Deploy.0 = Release|Any CPU
		{CCE670BA-EAC5-4B5E-85C5-3573A3267B31}.AppStore|x86.ActiveCfg = Release|Any CPU
		{CCE670BA-EAC5-4B5E-85C5-3573A3267B31}.AppStore|x86.Build.0 = Release|Any CPU
		{CCE670BA-EAC5-4B5E-85C5-3573A3267B31}.AppStore|x86.Deploy.0 = Release|Any CPU
		{CCE670BA-EAC5-4B5E-85C5-3573A3267B31}.Debug|Any CPU.ActiveCfg = Debug|Any CPU
		{CCE670BA-EAC5-4B5E-85C5-3573A3267B31}.Debug|Any CPU.Build.0 = Debug|Any CPU
		{CCE670BA-EAC5-4B5E-85C5-3573A3267B31}.Debug|Any CPU.Deploy.0 = Debug|Any CPU
		{CCE670BA-EAC5-4B5E-85C5-3573A3267B31}.Debug|ARM.ActiveCfg = Debug|Any CPU
		{CCE670BA-EAC5-4B5E-85C5-3573A3267B31}.Debug|ARM.Build.0 = Debug|Any CPU
		{CCE670BA-EAC5-4B5E-85C5-3573A3267B31}.Debug|ARM.Deploy.0 = Debug|Any CPU
		{CCE670BA-EAC5-4B5E-85C5-3573A3267B31}.Debug|iPhone.ActiveCfg = Debug|Any CPU
		{CCE670BA-EAC5-4B5E-85C5-3573A3267B31}.Debug|iPhone.Build.0 = Debug|Any CPU
		{CCE670BA-EAC5-4B5E-85C5-3573A3267B31}.Debug|iPhone.Deploy.0 = Debug|Any CPU
		{CCE670BA-EAC5-4B5E-85C5-3573A3267B31}.Debug|iPhoneSimulator.ActiveCfg = Debug|Any CPU
		{CCE670BA-EAC5-4B5E-85C5-3573A3267B31}.Debug|iPhoneSimulator.Build.0 = Debug|Any CPU
		{CCE670BA-EAC5-4B5E-85C5-3573A3267B31}.Debug|iPhoneSimulator.Deploy.0 = Debug|Any CPU
		{CCE670BA-EAC5-4B5E-85C5-3573A3267B31}.Debug|x64.ActiveCfg = Debug|Any CPU
		{CCE670BA-EAC5-4B5E-85C5-3573A3267B31}.Debug|x64.Build.0 = Debug|Any CPU
		{CCE670BA-EAC5-4B5E-85C5-3573A3267B31}.Debug|x64.Deploy.0 = Debug|Any CPU
		{CCE670BA-EAC5-4B5E-85C5-3573A3267B31}.Debug|x86.ActiveCfg = Debug|Any CPU
		{CCE670BA-EAC5-4B5E-85C5-3573A3267B31}.Debug|x86.Build.0 = Debug|Any CPU
		{CCE670BA-EAC5-4B5E-85C5-3573A3267B31}.Debug|x86.Deploy.0 = Debug|Any CPU
		{CCE670BA-EAC5-4B5E-85C5-3573A3267B31}.Release|Any CPU.ActiveCfg = Release|Any CPU
		{CCE670BA-EAC5-4B5E-85C5-3573A3267B31}.Release|Any CPU.Build.0 = Release|Any CPU
		{CCE670BA-EAC5-4B5E-85C5-3573A3267B31}.Release|Any CPU.Deploy.0 = Release|Any CPU
		{CCE670BA-EAC5-4B5E-85C5-3573A3267B31}.Release|ARM.ActiveCfg = Release|Any CPU
		{CCE670BA-EAC5-4B5E-85C5-3573A3267B31}.Release|ARM.Build.0 = Release|Any CPU
		{CCE670BA-EAC5-4B5E-85C5-3573A3267B31}.Release|ARM.Deploy.0 = Release|Any CPU
		{CCE670BA-EAC5-4B5E-85C5-3573A3267B31}.Release|iPhone.ActiveCfg = Release|Any CPU
		{CCE670BA-EAC5-4B5E-85C5-3573A3267B31}.Release|iPhone.Build.0 = Release|Any CPU
		{CCE670BA-EAC5-4B5E-85C5-3573A3267B31}.Release|iPhone.Deploy.0 = Release|Any CPU
		{CCE670BA-EAC5-4B5E-85C5-3573A3267B31}.Release|iPhoneSimulator.ActiveCfg = Release|Any CPU
		{CCE670BA-EAC5-4B5E-85C5-3573A3267B31}.Release|iPhoneSimulator.Build.0 = Release|Any CPU
		{CCE670BA-EAC5-4B5E-85C5-3573A3267B31}.Release|iPhoneSimulator.Deploy.0 = Release|Any CPU
		{CCE670BA-EAC5-4B5E-85C5-3573A3267B31}.Release|x64.ActiveCfg = Release|Any CPU
		{CCE670BA-EAC5-4B5E-85C5-3573A3267B31}.Release|x64.Build.0 = Release|Any CPU
		{CCE670BA-EAC5-4B5E-85C5-3573A3267B31}.Release|x64.Deploy.0 = Release|Any CPU
		{CCE670BA-EAC5-4B5E-85C5-3573A3267B31}.Release|x86.ActiveCfg = Release|Any CPU
		{CCE670BA-EAC5-4B5E-85C5-3573A3267B31}.Release|x86.Build.0 = Release|Any CPU
		{CCE670BA-EAC5-4B5E-85C5-3573A3267B31}.Release|x86.Deploy.0 = Release|Any CPU
		{9BC38503-6D2A-4DBF-91F3-5C22B5C67A8E}.Ad-Hoc|Any CPU.ActiveCfg = Release|Any CPU
		{9BC38503-6D2A-4DBF-91F3-5C22B5C67A8E}.Ad-Hoc|Any CPU.Build.0 = Release|Any CPU
		{9BC38503-6D2A-4DBF-91F3-5C22B5C67A8E}.Ad-Hoc|ARM.ActiveCfg = Release|Any CPU
		{9BC38503-6D2A-4DBF-91F3-5C22B5C67A8E}.Ad-Hoc|ARM.Build.0 = Release|Any CPU
		{9BC38503-6D2A-4DBF-91F3-5C22B5C67A8E}.Ad-Hoc|iPhone.ActiveCfg = Release|Any CPU
		{9BC38503-6D2A-4DBF-91F3-5C22B5C67A8E}.Ad-Hoc|iPhone.Build.0 = Release|Any CPU
		{9BC38503-6D2A-4DBF-91F3-5C22B5C67A8E}.Ad-Hoc|iPhoneSimulator.ActiveCfg = Release|Any CPU
		{9BC38503-6D2A-4DBF-91F3-5C22B5C67A8E}.Ad-Hoc|iPhoneSimulator.Build.0 = Release|Any CPU
		{9BC38503-6D2A-4DBF-91F3-5C22B5C67A8E}.Ad-Hoc|x64.ActiveCfg = Release|Any CPU
		{9BC38503-6D2A-4DBF-91F3-5C22B5C67A8E}.Ad-Hoc|x64.Build.0 = Release|Any CPU
		{9BC38503-6D2A-4DBF-91F3-5C22B5C67A8E}.Ad-Hoc|x86.ActiveCfg = Release|Any CPU
		{9BC38503-6D2A-4DBF-91F3-5C22B5C67A8E}.Ad-Hoc|x86.Build.0 = Release|Any CPU
		{9BC38503-6D2A-4DBF-91F3-5C22B5C67A8E}.AppStore|Any CPU.ActiveCfg = Release|Any CPU
		{9BC38503-6D2A-4DBF-91F3-5C22B5C67A8E}.AppStore|Any CPU.Build.0 = Release|Any CPU
		{9BC38503-6D2A-4DBF-91F3-5C22B5C67A8E}.AppStore|ARM.ActiveCfg = Release|Any CPU
		{9BC38503-6D2A-4DBF-91F3-5C22B5C67A8E}.AppStore|ARM.Build.0 = Release|Any CPU
		{9BC38503-6D2A-4DBF-91F3-5C22B5C67A8E}.AppStore|iPhone.ActiveCfg = Release|Any CPU
		{9BC38503-6D2A-4DBF-91F3-5C22B5C67A8E}.AppStore|iPhone.Build.0 = Release|Any CPU
		{9BC38503-6D2A-4DBF-91F3-5C22B5C67A8E}.AppStore|iPhoneSimulator.ActiveCfg = Release|Any CPU
		{9BC38503-6D2A-4DBF-91F3-5C22B5C67A8E}.AppStore|iPhoneSimulator.Build.0 = Release|Any CPU
		{9BC38503-6D2A-4DBF-91F3-5C22B5C67A8E}.AppStore|x64.ActiveCfg = Release|Any CPU
		{9BC38503-6D2A-4DBF-91F3-5C22B5C67A8E}.AppStore|x64.Build.0 = Release|Any CPU
		{9BC38503-6D2A-4DBF-91F3-5C22B5C67A8E}.AppStore|x86.ActiveCfg = Release|Any CPU
		{9BC38503-6D2A-4DBF-91F3-5C22B5C67A8E}.AppStore|x86.Build.0 = Release|Any CPU
		{9BC38503-6D2A-4DBF-91F3-5C22B5C67A8E}.Debug|Any CPU.ActiveCfg = Debug|Any CPU
		{9BC38503-6D2A-4DBF-91F3-5C22B5C67A8E}.Debug|Any CPU.Build.0 = Debug|Any CPU
		{9BC38503-6D2A-4DBF-91F3-5C22B5C67A8E}.Debug|ARM.ActiveCfg = Debug|Any CPU
		{9BC38503-6D2A-4DBF-91F3-5C22B5C67A8E}.Debug|ARM.Build.0 = Debug|Any CPU
		{9BC38503-6D2A-4DBF-91F3-5C22B5C67A8E}.Debug|iPhone.ActiveCfg = Debug|Any CPU
		{9BC38503-6D2A-4DBF-91F3-5C22B5C67A8E}.Debug|iPhone.Build.0 = Debug|Any CPU
		{9BC38503-6D2A-4DBF-91F3-5C22B5C67A8E}.Debug|iPhoneSimulator.ActiveCfg = Debug|Any CPU
		{9BC38503-6D2A-4DBF-91F3-5C22B5C67A8E}.Debug|iPhoneSimulator.Build.0 = Debug|Any CPU
		{9BC38503-6D2A-4DBF-91F3-5C22B5C67A8E}.Debug|x64.ActiveCfg = Debug|Any CPU
		{9BC38503-6D2A-4DBF-91F3-5C22B5C67A8E}.Debug|x64.Build.0 = Debug|Any CPU
		{9BC38503-6D2A-4DBF-91F3-5C22B5C67A8E}.Debug|x86.ActiveCfg = Debug|Any CPU
		{9BC38503-6D2A-4DBF-91F3-5C22B5C67A8E}.Debug|x86.Build.0 = Debug|Any CPU
		{9BC38503-6D2A-4DBF-91F3-5C22B5C67A8E}.Release|Any CPU.ActiveCfg = Release|Any CPU
		{9BC38503-6D2A-4DBF-91F3-5C22B5C67A8E}.Release|Any CPU.Build.0 = Release|Any CPU
		{9BC38503-6D2A-4DBF-91F3-5C22B5C67A8E}.Release|ARM.ActiveCfg = Release|Any CPU
		{9BC38503-6D2A-4DBF-91F3-5C22B5C67A8E}.Release|ARM.Build.0 = Release|Any CPU
		{9BC38503-6D2A-4DBF-91F3-5C22B5C67A8E}.Release|iPhone.ActiveCfg = Release|Any CPU
		{9BC38503-6D2A-4DBF-91F3-5C22B5C67A8E}.Release|iPhone.Build.0 = Release|Any CPU
		{9BC38503-6D2A-4DBF-91F3-5C22B5C67A8E}.Release|iPhoneSimulator.ActiveCfg = Release|Any CPU
		{9BC38503-6D2A-4DBF-91F3-5C22B5C67A8E}.Release|iPhoneSimulator.Build.0 = Release|Any CPU
		{9BC38503-6D2A-4DBF-91F3-5C22B5C67A8E}.Release|x64.ActiveCfg = Release|Any CPU
		{9BC38503-6D2A-4DBF-91F3-5C22B5C67A8E}.Release|x64.Build.0 = Release|Any CPU
		{9BC38503-6D2A-4DBF-91F3-5C22B5C67A8E}.Release|x86.ActiveCfg = Release|Any CPU
		{9BC38503-6D2A-4DBF-91F3-5C22B5C67A8E}.Release|x86.Build.0 = Release|Any CPU
		{04C1FE3C-4A49-406D-9B27-7D4DBB17C2BB}.Ad-Hoc|Any CPU.ActiveCfg = Ad-Hoc|iPhone
		{04C1FE3C-4A49-406D-9B27-7D4DBB17C2BB}.Ad-Hoc|ARM.ActiveCfg = Ad-Hoc|iPhone
		{04C1FE3C-4A49-406D-9B27-7D4DBB17C2BB}.Ad-Hoc|iPhone.ActiveCfg = Ad-Hoc|iPhone
		{04C1FE3C-4A49-406D-9B27-7D4DBB17C2BB}.Ad-Hoc|iPhone.Build.0 = Ad-Hoc|iPhone
		{04C1FE3C-4A49-406D-9B27-7D4DBB17C2BB}.Ad-Hoc|iPhoneSimulator.ActiveCfg = Ad-Hoc|iPhoneSimulator
		{04C1FE3C-4A49-406D-9B27-7D4DBB17C2BB}.Ad-Hoc|iPhoneSimulator.Build.0 = Ad-Hoc|iPhoneSimulator
		{04C1FE3C-4A49-406D-9B27-7D4DBB17C2BB}.Ad-Hoc|x64.ActiveCfg = Ad-Hoc|iPhone
		{04C1FE3C-4A49-406D-9B27-7D4DBB17C2BB}.Ad-Hoc|x86.ActiveCfg = Ad-Hoc|iPhone
		{04C1FE3C-4A49-406D-9B27-7D4DBB17C2BB}.AppStore|Any CPU.ActiveCfg = AppStore|iPhone
		{04C1FE3C-4A49-406D-9B27-7D4DBB17C2BB}.AppStore|ARM.ActiveCfg = AppStore|iPhone
		{04C1FE3C-4A49-406D-9B27-7D4DBB17C2BB}.AppStore|iPhone.ActiveCfg = AppStore|iPhone
		{04C1FE3C-4A49-406D-9B27-7D4DBB17C2BB}.AppStore|iPhone.Build.0 = AppStore|iPhone
		{04C1FE3C-4A49-406D-9B27-7D4DBB17C2BB}.AppStore|iPhoneSimulator.ActiveCfg = AppStore|iPhoneSimulator
		{04C1FE3C-4A49-406D-9B27-7D4DBB17C2BB}.AppStore|iPhoneSimulator.Build.0 = AppStore|iPhoneSimulator
		{04C1FE3C-4A49-406D-9B27-7D4DBB17C2BB}.AppStore|x64.ActiveCfg = AppStore|iPhone
		{04C1FE3C-4A49-406D-9B27-7D4DBB17C2BB}.AppStore|x86.ActiveCfg = AppStore|iPhone
		{04C1FE3C-4A49-406D-9B27-7D4DBB17C2BB}.Debug|Any CPU.ActiveCfg = Debug|iPhone
		{04C1FE3C-4A49-406D-9B27-7D4DBB17C2BB}.Debug|ARM.ActiveCfg = Debug|iPhone
		{04C1FE3C-4A49-406D-9B27-7D4DBB17C2BB}.Debug|iPhone.ActiveCfg = Debug|iPhone
		{04C1FE3C-4A49-406D-9B27-7D4DBB17C2BB}.Debug|iPhone.Build.0 = Debug|iPhone
		{04C1FE3C-4A49-406D-9B27-7D4DBB17C2BB}.Debug|iPhoneSimulator.ActiveCfg = Debug|iPhoneSimulator
		{04C1FE3C-4A49-406D-9B27-7D4DBB17C2BB}.Debug|iPhoneSimulator.Build.0 = Debug|iPhoneSimulator
		{04C1FE3C-4A49-406D-9B27-7D4DBB17C2BB}.Debug|x64.ActiveCfg = Debug|iPhone
		{04C1FE3C-4A49-406D-9B27-7D4DBB17C2BB}.Debug|x86.ActiveCfg = Debug|iPhone
		{04C1FE3C-4A49-406D-9B27-7D4DBB17C2BB}.Release|Any CPU.ActiveCfg = Release|iPhone
		{04C1FE3C-4A49-406D-9B27-7D4DBB17C2BB}.Release|ARM.ActiveCfg = Release|iPhone
		{04C1FE3C-4A49-406D-9B27-7D4DBB17C2BB}.Release|iPhone.ActiveCfg = Release|iPhone
		{04C1FE3C-4A49-406D-9B27-7D4DBB17C2BB}.Release|iPhone.Build.0 = Release|iPhone
		{04C1FE3C-4A49-406D-9B27-7D4DBB17C2BB}.Release|iPhoneSimulator.ActiveCfg = Release|iPhoneSimulator
		{04C1FE3C-4A49-406D-9B27-7D4DBB17C2BB}.Release|iPhoneSimulator.Build.0 = Release|iPhoneSimulator
		{04C1FE3C-4A49-406D-9B27-7D4DBB17C2BB}.Release|x64.ActiveCfg = Release|iPhone
		{04C1FE3C-4A49-406D-9B27-7D4DBB17C2BB}.Release|x86.ActiveCfg = Release|iPhone
	EndGlobalSection
	GlobalSection(SolutionProperties) = preSolution
		HideSolutionNode = FALSE
	EndGlobalSection
	GlobalSection(ExtensibilityGlobals) = postSolution
		SolutionGuid = {66FB0DA9-FFCB-4543-9C80-96F9639E43FB}
	EndGlobalSection
EndGlobal
